
Microsoft Visual Studio Solution File, Format Version 12.00
# Visual Studio Version 17
VisualStudioVersion = 17.4.33205.214
MinimumVisualStudioVersion = 10.0.40219.1
Project("{8BC9CEB8-8B4A-11D0-8D11-00A0C91BC942}") = "common", "common\Common.vcxproj", "{9F7924D6-4DE5-4B3C-B1E7-547FD997604C}"
EndProject
Project("{8BC9CEB8-8B4A-11D0-8D11-00A0C91BC942}") = "common_test", "common_test\common_test.vcxproj", "{E415F393-6815-421A-A720-F5D75DBDA56F}"
EndProject
Global
	GlobalSection(SolutionConfigurationPlatforms) = preSolution
		Debug|x64 = Debug|x64
		Debug|x86 = Debug|x86
		Release|x64 = Release|x64
		Release|x86 = Release|x86
	EndGlobalSection
	GlobalSection(ProjectConfigurationPlatforms) = postSolution
		{9F7924D6-4DE5-4B3C-B1E7-547FD997604C}.Debug|x64.ActiveCfg = Debug|x64
		{9F7924D6-4DE5-4B3C-B1E7-547FD997604C}.Debug|x64.Build.0 = Debug|x64
		{9F7924D6-4DE5-4B3C-B1E7-547FD997604C}.Debug|x86.ActiveCfg = Debug|Win32
		{9F7924D6-4DE5-4B3C-B1E7-547FD997604C}.Debug|x86.Build.0 = Debug|Win32
		{9F7924D6-4DE5-4B3C-B1E7-547FD997604C}.Release|x64.ActiveCfg = Release|x64
		{9F7924D6-4DE5-4B3C-B1E7-547FD997604C}.Release|x64.Build.0 = Release|x64
		{9F7924D6-4DE5-4B3C-B1E7-547FD997604C}.Release|x86.ActiveCfg = Release|Win32
		{9F7924D6-4DE5-4B3C-B1E7-547FD997604C}.Release|x86.Build.0 = Release|Win32
		{E415F393-6815-421A-A720-F5D75DBDA56F}.Debug|x64.ActiveCfg = Debug|x64
		{E415F393-6815-421A-A720-F5D75DBDA56F}.Debug|x64.Build.0 = Debug|x64
		{E415F393-6815-421A-A720-F5D75DBDA56F}.Debug|x86.ActiveCfg = Debug|Win32
		{E415F393-6815-421A-A720-F5D75DBDA56F}.Debug|x86.Build.0 = Debug|Win32
		{E415F393-6815-421A-A720-F5D75DBDA56F}.Release|x64.ActiveCfg = Release|x64
		{E415F393-6815-421A-A720-F5D75DBDA56F}.Release|x64.Build.0 = Release|x64
		{E415F393-6815-421A-A720-F5D75DBDA56F}.Release|x86.ActiveCfg = Release|Win32
		{E415F393-6815-421A-A720-F5D75DBDA56F}.Release|x86.Build.0 = Release|Win32
	EndGlobalSection
	GlobalSection(SolutionProperties) = preSolution
		HideSolutionNode = FALSE
	EndGlobalSection
	GlobalSection(ExtensibilityGlobals) = postSolution
		SolutionGuid = {9BFA9760-9B62-462E-875D-5E81CADB3968}
	EndGlobalSection
EndGlobal
